
Microsoft Visual Studio Solution File, Format Version 12.00
# Visual Studio 2013
VisualStudioVersion = 12.0.21005.1
MinimumVisualStudioVersion = 10.0.40219.1
Project("{8BC9CEB8-8B4A-11D0-8D11-00A0C91BC942}") = "Pinball", "pinball\Pinball.vcxproj", "{DB56BFC7-8D60-4A46-B4C8-8D40F4E9D0FE}"
	ProjectSection(ProjectDependencies) = postProject
		{927B31E4-50A8-45FC-968D-E9D2787D88FF} = {927B31E4-50A8-45FC-968D-E9D2787D88FF}
	EndProjectSection
EndProject
Project("{8BC9CEB8-8B4A-11D0-8D11-00A0C91BC942}") = "gameAnalyzer", "gameAnalyzer\gameAnalyzer.vcxproj", "{5B118601-227E-4FAD-88A4-DEEA01621482}"
	ProjectSection(ProjectDependencies) = postProject
		{927B31E4-50A8-45FC-968D-E9D2787D88FF} = {927B31E4-50A8-45FC-968D-E9D2787D88FF}
	EndProjectSection
EndProject
Project("{8BC9CEB8-8B4A-11D0-8D11-00A0C91BC942}") = "monitor", "monitor\monitor.vcxproj", "{927B31E4-50A8-45FC-968D-E9D2787D88FF}"
EndProject
Global
	GlobalSection(SolutionConfigurationPlatforms) = preSolution
		Debug|Win32 = Debug|Win32
		Release|Win32 = Release|Win32
	EndGlobalSection
	GlobalSection(ProjectConfigurationPlatforms) = postSolution
		{DB56BFC7-8D60-4A46-B4C8-8D40F4E9D0FE}.Debug|Win32.ActiveCfg = Debug|Win32
		{DB56BFC7-8D60-4A46-B4C8-8D40F4E9D0FE}.Debug|Win32.Build.0 = Debug|Win32
		{DB56BFC7-8D60-4A46-B4C8-8D40F4E9D0FE}.Release|Win32.ActiveCfg = Release|Win32
		{DB56BFC7-8D60-4A46-B4C8-8D40F4E9D0FE}.Release|Win32.Build.0 = Release|Win32
		{5B118601-227E-4FAD-88A4-DEEA01621482}.Debug|Win32.ActiveCfg = Debug|Win32
		{5B118601-227E-4FAD-88A4-DEEA01621482}.Debug|Win32.Build.0 = Debug|Win32
		{5B118601-227E-4FAD-88A4-DEEA01621482}.Release|Win32.ActiveCfg = Release|Win32
		{5B118601-227E-4FAD-88A4-DEEA01621482}.Release|Win32.Build.0 = Release|Win32
		{927B31E4-50A8-45FC-968D-E9D2787D88FF}.Debug|Win32.ActiveCfg = Debug|Win32
		{927B31E4-50A8-45FC-968D-E9D2787D88FF}.Debug|Win32.Build.0 = Debug|Win32
		{927B31E4-50A8-45FC-968D-E9D2787D88FF}.Release|Win32.ActiveCfg = Release|Win32
		{927B31E4-50A8-45FC-968D-E9D2787D88FF}.Release|Win32.Build.0 = Release|Win32
	EndGlobalSection
	GlobalSection(SolutionProperties) = preSolution
		HideSolutionNode = FALSE
	EndGlobalSection
EndGlobal
